// !$*UTF8*$!
{
	archiveVersion = 1;
	classes = {
	};
	objectVersion = 77;
	objects = {

/* Begin PBXBuildFile section */
		15C8DE4C2E01904100E4D2CE /* GoogleSignIn in Frameworks */ = {isa = PBXBuildFile; productRef = 15C8DE4B2E01904100E4D2CE /* GoogleSignIn */; };
		15D6AC7C2DC64C30003881FB /* GoogleService-Info.plist in Resources */ = {isa = PBXBuildFile; fileRef = 15D6AC7B2DC64C30003881FB /* GoogleService-Info.plist */; };
		15D6AC7F2DC64E7C003881FB /* FirebaseAnalytics in Frameworks */ = {isa = PBXBuildFile; productRef = 15D6AC7E2DC64E7C003881FB /* FirebaseAnalytics */; };
		15D6AC812DC64E7C003881FB /* FirebaseAuth in Frameworks */ = {isa = PBXBuildFile; productRef = 15D6AC802DC64E7C003881FB /* FirebaseAuth */; };
		15D6AC832DC64E7C003881FB /* FirebaseFirestore in Frameworks */ = {isa = PBXBuildFile; productRef = 15D6AC822DC64E7C003881FB /* FirebaseFirestore */; };
		15D6AC852DC650E8003881FB /* FirebaseCore in Frameworks */ = {isa = PBXBuildFile; productRef = 15D6AC842DC650E8003881FB /* FirebaseCore */; };
		15D6AC872DC650E8003881FB /* FirebaseCrashlytics in Frameworks */ = {isa = PBXBuildFile; productRef = 15D6AC862DC650E8003881FB /* FirebaseCrashlytics */; };
		15E334322DE8186B00601FAD /* Factory in Frameworks */ = {isa = PBXBuildFile; productRef = 15E334312DE8186B00601FAD /* Factory */; };
		15E334342DE8186B00601FAD /* FactoryKit in Frameworks */ = {isa = PBXBuildFile; productRef = 15E334332DE8186B00601FAD /* FactoryKit */; };
/* End PBXBuildFile section */

/* Begin PBXFileReference section */
		15D6AC7B2DC64C30003881FB /* GoogleService-Info.plist */ = {isa = PBXFileReference; lastKnownFileType = text.plist.xml; path = "GoogleService-Info.plist"; sourceTree = "<group>"; };
		15E0DD332DB38A500060C594 /* MakeItSo.app */ = {isa = PBXFileReference; explicitFileType = wrapper.application; includeInIndex = 0; path = MakeItSo.app; sourceTree = BUILT_PRODUCTS_DIR; };
/* End PBXFileReference section */

/* Begin PBXFileSystemSynchronizedBuildFileExceptionSet section */
		15C8DE4E2E01935D00E4D2CE /* Exceptions for "MakeItSo" folder in "MakeItSo" target */ = {
			isa = PBXFileSystemSynchronizedBuildFileExceptionSet;
			membershipExceptions = (
				Info.plist,
			);
			target = 15E0DD322DB38A500060C594 /* MakeItSo */;
		};
/* End PBXFileSystemSynchronizedBuildFileExceptionSet section */

/* Begin PBXFileSystemSynchronizedRootGroup section */
		15E0DD352DB38A500060C594 /* MakeItSo */ = {
			isa = PBXFileSystemSynchronizedRootGroup;
			exceptions = (
				15C8DE4E2E01935D00E4D2CE /* Exceptions for "MakeItSo" folder in "MakeItSo" target */,
			);
			path = MakeItSo;
			sourceTree = "<group>";
		};
/* End PBXFileSystemSynchronizedRootGroup section */

/* Begin PBXFrameworksBuildPhase section */
		15E0DD302DB38A500060C594 /* Frameworks */ = {
			isa = PBXFrameworksBuildPhase;
			buildActionMask = 2147483647;
			files = (
				15D6AC7F2DC64E7C003881FB /* FirebaseAnalytics in Frameworks */,
				15C8DE4C2E01904100E4D2CE /* GoogleSignIn in Frameworks */,
				15D6AC812DC64E7C003881FB /* FirebaseAuth in Frameworks */,
				15D6AC872DC650E8003881FB /* FirebaseCrashlytics in Frameworks */,
				15E334342DE8186B00601FAD /* FactoryKit in Frameworks */,
				15E334322DE8186B00601FAD /* Factory in Frameworks */,
				15D6AC852DC650E8003881FB /* FirebaseCore in Frameworks */,
				15D6AC832DC64E7C003881FB /* FirebaseFirestore in Frameworks */,
			);
			runOnlyForDeploymentPostprocessing = 0;
		};
/* End PBXFrameworksBuildPhase section */

/* Begin PBXGroup section */
		15E0DD2A2DB38A500060C594 = {
			isa = PBXGroup;
			children = (
				15E0DD352DB38A500060C594 /* MakeItSo */,
				15E0DD342DB38A500060C594 /* Products */,
				15D6AC7B2DC64C30003881FB /* GoogleService-Info.plist */,
			);
			sourceTree = "<group>";
		};
		15E0DD342DB38A500060C594 /* Products */ = {
			isa = PBXGroup;
			children = (
				15E0DD332DB38A500060C594 /* MakeItSo.app */,
			);
			name = Products;
			sourceTree = "<group>";
		};
/* End PBXGroup section */

/* Begin PBXNativeTarget section */
		15E0DD322DB38A500060C594 /* MakeItSo */ = {
			isa = PBXNativeTarget;
			buildConfigurationList = 15E0DD3E2DB38A520060C594 /* Build configuration list for PBXNativeTarget "MakeItSo" */;
			buildPhases = (
				15E0DD2F2DB38A500060C594 /* Sources */,
				15E0DD302DB38A500060C594 /* Frameworks */,
				15E0DD312DB38A500060C594 /* Resources */,
			);
			buildRules = (
			);
			dependencies = (
			);
			fileSystemSynchronizedGroups = (
				15E0DD352DB38A500060C594 /* MakeItSo */,
			);
			name = MakeItSo;
			packageProductDependencies = (
				15D6AC7E2DC64E7C003881FB /* FirebaseAnalytics */,
				15D6AC802DC64E7C003881FB /* FirebaseAuth */,
				15D6AC822DC64E7C003881FB /* FirebaseFirestore */,
				15D6AC842DC650E8003881FB /* FirebaseCore */,
				15D6AC862DC650E8003881FB /* FirebaseCrashlytics */,
				15E334312DE8186B00601FAD /* Factory */,
				15E334332DE8186B00601FAD /* FactoryKit */,
				15C8DE4B2E01904100E4D2CE /* GoogleSignIn */,
			);
			productName = MakeItSo;
			productReference = 15E0DD332DB38A500060C594 /* MakeItSo.app */;
			productType = "com.apple.product-type.application";
		};
/* End PBXNativeTarget section */

/* Begin PBXProject section */
		15E0DD2B2DB38A500060C594 /* Project object */ = {
			isa = PBXProject;
			attributes = {
				BuildIndependentTargetsInParallel = 1;
				LastSwiftUpdateCheck = 1630;
				LastUpgradeCheck = 1630;
				TargetAttributes = {
					15E0DD322DB38A500060C594 = {
						CreatedOnToolsVersion = 16.3;
					};
				};
			};
			buildConfigurationList = 15E0DD2E2DB38A500060C594 /* Build configuration list for PBXProject "MakeItSo" */;
			developmentRegion = en;
			hasScannedForEncodings = 0;
			knownRegions = (
				en,
				Base,
			);
			mainGroup = 15E0DD2A2DB38A500060C594;
			minimizedProjectReferenceProxies = 1;
			packageReferences = (
				15D6AC7D2DC64E7C003881FB /* XCRemoteSwiftPackageReference "firebase-ios-sdk" */,
				15E334302DE8186B00601FAD /* XCRemoteSwiftPackageReference "Factory" */,
				15C8DE4A2E01904100E4D2CE /* XCRemoteSwiftPackageReference "GoogleSignIn-iOS" */,
			);
			preferredProjectObjectVersion = 77;
			productRefGroup = 15E0DD342DB38A500060C594 /* Products */;
			projectDirPath = "";
			projectRoot = "";
			targets = (
				15E0DD322DB38A500060C594 /* MakeItSo */,
			);
		};
/* End PBXProject section */

/* Begin PBXResourcesBuildPhase section */
		15E0DD312DB38A500060C594 /* Resources */ = {
			isa = PBXResourcesBuildPhase;
			buildActionMask = 2147483647;
			files = (
				15D6AC7C2DC64C30003881FB /* GoogleService-Info.plist in Resources */,
			);
			runOnlyForDeploymentPostprocessing = 0;
		};
/* End PBXResourcesBuildPhase section */

/* Begin PBXSourcesBuildPhase section */
		15E0DD2F2DB38A500060C594 /* Sources */ = {
			isa = PBXSourcesBuildPhase;
			buildActionMask = 2147483647;
			files = (
			);
			runOnlyForDeploymentPostprocessing = 0;
		};
/* End PBXSourcesBuildPhase section */

/* Begin XCBuildConfiguration section */
		15E0DD3C2DB38A520060C594 /* Debug */ = {
			isa = XCBuildConfiguration;
			buildSettings = {
				ALWAYS_SEARCH_USER_PATHS = NO;
				ASSETCATALOG_COMPILER_GENERATE_SWIFT_ASSET_SYMBOL_EXTENSIONS = YES;
				CLANG_ANALYZER_NONNULL = YES;
				CLANG_ANALYZER_NUMBER_OBJECT_CONVERSION = YES_AGGRESSIVE;
				CLANG_CXX_LANGUAGE_STANDARD = "gnu++20";
				CLANG_ENABLE_MODULES = YES;
				CLANG_ENABLE_OBJC_ARC = YES;
				CLANG_ENABLE_OBJC_WEAK = YES;
				CLANG_WARN_BLOCK_CAPTURE_AUTORELEASING = YES;
				CLANG_WARN_BOOL_CONVERSION = YES;
				CLANG_WARN_COMMA = YES;
				CLANG_WARN_CONSTANT_CONVERSION = YES;
				CLANG_WARN_DEPRECATED_OBJC_IMPLEMENTATIONS = YES;
				CLANG_WARN_DIRECT_OBJC_ISA_USAGE = YES_ERROR;
				CLANG_WARN_DOCUMENTATION_COMMENTS = YES;
				CLANG_WARN_EMPTY_BODY = YES;
				CLANG_WARN_ENUM_CONVERSION = YES;
				CLANG_WARN_INFINITE_RECURSION = YES;
				CLANG_WARN_INT_CONVERSION = YES;
				CLANG_WARN_NON_LITERAL_NULL_CONVERSION = YES;
				CLANG_WARN_OBJC_IMPLICIT_RETAIN_SELF = YES;
				CLANG_WARN_OBJC_LITERAL_CONVERSION = YES;
				CLANG_WARN_OBJC_ROOT_CLASS = YES_ERROR;
				CLANG_WARN_QUOTED_INCLUDE_IN_FRAMEWORK_HEADER = YES;
				CLANG_WARN_RANGE_LOOP_ANALYSIS = YES;
				CLANG_WARN_STRICT_PROTOTYPES = YES;
				CLANG_WARN_SUSPICIOUS_MOVE = YES;
				CLANG_WARN_UNGUARDED_AVAILABILITY = YES_AGGRESSIVE;
				CLANG_WARN_UNREACHABLE_CODE = YES;
				CLANG_WARN__DUPLICATE_METHOD_MATCH = YES;
				COPY_PHASE_STRIP = NO;
				DEBUG_INFORMATION_FORMAT = dwarf;
				DEVELOPMENT_TEAM = 9JKNSZY8H2;
				ENABLE_STRICT_OBJC_MSGSEND = YES;
				ENABLE_TESTABILITY = YES;
				ENABLE_USER_SCRIPT_SANDBOXING = YES;
				GCC_C_LANGUAGE_STANDARD = gnu17;
				GCC_DYNAMIC_NO_PIC = NO;
				GCC_NO_COMMON_BLOCKS = YES;
				GCC_OPTIMIZATION_LEVEL = 0;
				GCC_PREPROCESSOR_DEFINITIONS = (
					"DEBUG=1",
					"$(inherited)",
				);
				GCC_WARN_64_TO_32_BIT_CONVERSION = YES;
				GCC_WARN_ABOUT_RETURN_TYPE = YES_ERROR;
				GCC_WARN_UNDECLARED_SELECTOR = YES;
				GCC_WARN_UNINITIALIZED_AUTOS = YES_AGGRESSIVE;
				GCC_WARN_UNUSED_FUNCTION = YES;
				GCC_WARN_UNUSED_VARIABLE = YES;
				IPHONEOS_DEPLOYMENT_TARGET = 18.4;
				LOCALIZATION_PREFERS_STRING_CATALOGS = YES;
				MTL_ENABLE_DEBUG_INFO = INCLUDE_SOURCE;
				MTL_FAST_MATH = YES;
				ONLY_ACTIVE_ARCH = YES;
				SDKROOT = iphoneos;
				SWIFT_ACTIVE_COMPILATION_CONDITIONS = "DEBUG $(inherited)";
				SWIFT_OPTIMIZATION_LEVEL = "-Onone";
			};
			name = Debug;
		};
		15E0DD3D2DB38A520060C594 /* Release */ = {
			isa = XCBuildConfiguration;
			buildSettings = {
				ALWAYS_SEARCH_USER_PATHS = NO;
				ASSETCATALOG_COMPILER_GENERATE_SWIFT_ASSET_SYMBOL_EXTENSIONS = YES;
				CLANG_ANALYZER_NONNULL = YES;
				CLANG_ANALYZER_NUMBER_OBJECT_CONVERSION = YES_AGGRESSIVE;
				CLANG_CXX_LANGUAGE_STANDARD = "gnu++20";
				CLANG_ENABLE_MODULES = YES;
				CLANG_ENABLE_OBJC_ARC = YES;
				CLANG_ENABLE_OBJC_WEAK = YES;
				CLANG_WARN_BLOCK_CAPTURE_AUTORELEASING = YES;
				CLANG_WARN_BOOL_CONVERSION = YES;
				CLANG_WARN_COMMA = YES;
				CLANG_WARN_CONSTANT_CONVERSION = YES;
				CLANG_WARN_DEPRECATED_OBJC_IMPLEMENTATIONS = YES;
				CLANG_WARN_DIRECT_OBJC_ISA_USAGE = YES_ERROR;
				CLANG_WARN_DOCUMENTATION_COMMENTS = YES;
				CLANG_WARN_EMPTY_BODY = YES;
				CLANG_WARN_ENUM_CONVERSION = YES;
				CLANG_WARN_INFINITE_RECURSION = YES;
				CLANG_WARN_INT_CONVERSION = YES;
				CLANG_WARN_NON_LITERAL_NULL_CONVERSION = YES;
				CLANG_WARN_OBJC_IMPLICIT_RETAIN_SELF = YES;
				CLANG_WARN_OBJC_LITERAL_CONVERSION = YES;
				CLANG_WARN_OBJC_ROOT_CLASS = YES_ERROR;
				CLANG_WARN_QUOTED_INCLUDE_IN_FRAMEWORK_HEADER = YES;
				CLANG_WARN_RANGE_LOOP_ANALYSIS = YES;
				CLANG_WARN_STRICT_PROTOTYPES = YES;
				CLANG_WARN_SUSPICIOUS_MOVE = YES;
				CLANG_WARN_UNGUARDED_AVAILABILITY = YES_AGGRESSIVE;
				CLANG_WARN_UNREACHABLE_CODE = YES;
				CLANG_WARN__DUPLICATE_METHOD_MATCH = YES;
				COPY_PHASE_STRIP = NO;
				DEBUG_INFORMATION_FORMAT = "dwarf-with-dsym";
				DEVELOPMENT_TEAM = 9JKNSZY8H2;
				ENABLE_NS_ASSERTIONS = NO;
				ENABLE_STRICT_OBJC_MSGSEND = YES;
				ENABLE_USER_SCRIPT_SANDBOXING = YES;
				GCC_C_LANGUAGE_STANDARD = gnu17;
				GCC_NO_COMMON_BLOCKS = YES;
				GCC_WARN_64_TO_32_BIT_CONVERSION = YES;
				GCC_WARN_ABOUT_RETURN_TYPE = YES_ERROR;
				GCC_WARN_UNDECLARED_SELECTOR = YES;
				GCC_WARN_UNINITIALIZED_AUTOS = YES_AGGRESSIVE;
				GCC_WARN_UNUSED_FUNCTION = YES;
				GCC_WARN_UNUSED_VARIABLE = YES;
				IPHONEOS_DEPLOYMENT_TARGET = 18.4;
				LOCALIZATION_PREFERS_STRING_CATALOGS = YES;
				MTL_ENABLE_DEBUG_INFO = NO;
				MTL_FAST_MATH = YES;
				SDKROOT = iphoneos;
				SWIFT_COMPILATION_MODE = wholemodule;
				VALIDATE_PRODUCT = YES;
			};
			name = Release;
		};
		15E0DD3F2DB38A520060C594 /* Debug */ = {
			isa = XCBuildConfiguration;
			buildSettings = {
				ASSETCATALOG_COMPILER_APPICON_NAME = AppIcon;
				ASSETCATALOG_COMPILER_GLOBAL_ACCENT_COLOR_NAME = AccentColor;
				CODE_SIGN_STYLE = Automatic;
				CURRENT_PROJECT_VERSION = 1;
				DEVELOPMENT_TEAM = 9JKNSZY8H2;
				ENABLE_PREVIEWS = YES;
				GENERATE_INFOPLIST_FILE = YES;
				INFOPLIST_FILE = MakeItSo/Info.plist;
				INFOPLIST_KEY_UIApplicationSceneManifest_Generation = YES;
				INFOPLIST_KEY_UIApplicationSupportsIndirectInputEvents = YES;
				INFOPLIST_KEY_UILaunchScreen_Generation = YES;
				INFOPLIST_KEY_UISupportedInterfaceOrientations = "UIInterfaceOrientationLandscapeLeft UIInterfaceOrientationLandscapeRight UIInterfaceOrientationPortrait";
				INFOPLIST_KEY_UISupportedInterfaceOrientations_iPad = "UIInterfaceOrientationLandscapeLeft UIInterfaceOrientationLandscapeRight UIInterfaceOrientationPortrait UIInterfaceOrientationPortraitUpsideDown";
				IPHONEOS_DEPLOYMENT_TARGET = 17.6;
				LD_RUNPATH_SEARCH_PATHS = (
					"$(inherited)",
					"@executable_path/Frameworks",
				);
				MARKETING_VERSION = 1.0;
				PRODUCT_BUNDLE_IDENTIFIER = com.migovich.MakeItSo;
				PRODUCT_NAME = "$(TARGET_NAME)";
				SWIFT_EMIT_LOC_STRINGS = YES;
				SWIFT_VERSION = 5.0;
				TARGETED_DEVICE_FAMILY = "1,2";
			};
			name = Debug;
		};
		15E0DD402DB38A520060C594 /* Release */ = {
			isa = XCBuildConfiguration;
			buildSettings = {
				ASSETCATALOG_COMPILER_APPICON_NAME = AppIcon;
				ASSETCATALOG_COMPILER_GLOBAL_ACCENT_COLOR_NAME = AccentColor;
				CODE_SIGN_STYLE = Automatic;
				CURRENT_PROJECT_VERSION = 1;
				DEVELOPMENT_TEAM = 9JKNSZY8H2;
				ENABLE_PREVIEWS = YES;
				GENERATE_INFOPLIST_FILE = YES;
				INFOPLIST_FILE = MakeItSo/Info.plist;
				INFOPLIST_KEY_UIApplicationSceneManifest_Generation = YES;
				INFOPLIST_KEY_UIApplicationSupportsIndirectInputEvents = YES;
				INFOPLIST_KEY_UILaunchScreen_Generation = YES;
				INFOPLIST_KEY_UISupportedInterfaceOrientations = "UIInterfaceOrientationLandscapeLeft UIInterfaceOrientationLandscapeRight UIInterfaceOrientationPortrait";
				INFOPLIST_KEY_UISupportedInterfaceOrientations_iPad = "UIInterfaceOrientationLandscapeLeft UIInterfaceOrientationLandscapeRight UIInterfaceOrientationPortrait UIInterfaceOrientationPortraitUpsideDown";
				IPHONEOS_DEPLOYMENT_TARGET = 17.6;
				LD_RUNPATH_SEARCH_PATHS = (
					"$(inherited)",
					"@executable_path/Frameworks",
				);
				MARKETING_VERSION = 1.0;
				PRODUCT_BUNDLE_IDENTIFIER = com.migovich.MakeItSo;
				PRODUCT_NAME = "$(TARGET_NAME)";
				SWIFT_EMIT_LOC_STRINGS = YES;
				SWIFT_VERSION = 5.0;
				TARGETED_DEVICE_FAMILY = "1,2";
			};
			name = Release;
		};
/* End XCBuildConfiguration section */

/* Begin XCConfigurationList section */
		15E0DD2E2DB38A500060C594 /* Build configuration list for PBXProject "MakeItSo" */ = {
			isa = XCConfigurationList;
			buildConfigurations = (
				15E0DD3C2DB38A520060C594 /* Debug */,
				15E0DD3D2DB38A520060C594 /* Release */,
			);
			defaultConfigurationIsVisible = 0;
			defaultConfigurationName = Release;
		};
		15E0DD3E2DB38A520060C594 /* Build configuration list for PBXNativeTarget "MakeItSo" */ = {
			isa = XCConfigurationList;
			buildConfigurations = (
				15E0DD3F2DB38A520060C594 /* Debug */,
				15E0DD402DB38A520060C594 /* Release */,
			);
			defaultConfigurationIsVisible = 0;
			defaultConfigurationName = Release;
		};
/* End XCConfigurationList section */

/* Begin XCRemoteSwiftPackageReference section */
		15C8DE4A2E01904100E4D2CE /* XCRemoteSwiftPackageReference "GoogleSignIn-iOS" */ = {
			isa = XCRemoteSwiftPackageReference;
			repositoryURL = "https://github.com/google/GoogleSignIn-iOS";
			requirement = {
				kind = upToNextMajorVersion;
				minimumVersion = 8.0.0;
			};
		};
		15D6AC7D2DC64E7C003881FB /* XCRemoteSwiftPackageReference "firebase-ios-sdk" */ = {
			isa = XCRemoteSwiftPackageReference;
			repositoryURL = "https://github.com/firebase/firebase-ios-sdk";
			requirement = {
				kind = upToNextMajorVersion;
				minimumVersion = 11.12.0;
			};
		};
		15E334302DE8186B00601FAD /* XCRemoteSwiftPackageReference "Factory" */ = {
			isa = XCRemoteSwiftPackageReference;
			repositoryURL = "https://github.com/hmlongco/Factory";
			requirement = {
				kind = upToNextMajorVersion;
				minimumVersion = 2.5.3;
			};
		};
/* End XCRemoteSwiftPackageReference section */

/* Begin XCSwiftPackageProductDependency section */
		15C8DE4B2E01904100E4D2CE /* GoogleSignIn */ = {
			isa = XCSwiftPackageProductDependency;
			package = 15C8DE4A2E01904100E4D2CE /* XCRemoteSwiftPackageReference "GoogleSignIn-iOS" */;
			productName = GoogleSignIn;
		};
		15D6AC7E2DC64E7C003881FB /* FirebaseAnalytics */ = {
			isa = XCSwiftPackageProductDependency;
			package = 15D6AC7D2DC64E7C003881FB /* XCRemoteSwiftPackageReference "firebase-ios-sdk" */;
			productName = FirebaseAnalytics;
		};
		15D6AC802DC64E7C003881FB /* FirebaseAuth */ = {
			isa = XCSwiftPackageProductDependency;
			package = 15D6AC7D2DC64E7C003881FB /* XCRemoteSwiftPackageReference "firebase-ios-sdk" */;
			productName = FirebaseAuth;
		};
		15D6AC822DC64E7C003881FB /* FirebaseFirestore */ = {
			isa = XCSwiftPackageProductDependency;
			package = 15D6AC7D2DC64E7C003881FB /* XCRemoteSwiftPackageReference "firebase-ios-sdk" */;
			productName = FirebaseFirestore;
		};
		15D6AC842DC650E8003881FB /* FirebaseCore */ = {
			isa = XCSwiftPackageProductDependency;
			package = 15D6AC7D2DC64E7C003881FB /* XCRemoteSwiftPackageReference "firebase-ios-sdk" */;
			productName = FirebaseCore;
		};
		15D6AC862DC650E8003881FB /* FirebaseCrashlytics */ = {
			isa = XCSwiftPackageProductDependency;
			package = 15D6AC7D2DC64E7C003881FB /* XCRemoteSwiftPackageReference "firebase-ios-sdk" */;
			productName = FirebaseCrashlytics;
		};
		15E334312DE8186B00601FAD /* Factory */ = {
			isa = XCSwiftPackageProductDependency;
			package = 15E334302DE8186B00601FAD /* XCRemoteSwiftPackageReference "Factory" */;
			productName = Factory;
		};
		15E334332DE8186B00601FAD /* FactoryKit */ = {
			isa = XCSwiftPackageProductDependency;
			package = 15E334302DE8186B00601FAD /* XCRemoteSwiftPackageReference "Factory" */;
			productName = FactoryKit;
		};
/* End XCSwiftPackageProductDependency section */
	};
	rootObject = 15E0DD2B2DB38A500060C594 /* Project object */;
}
